// !$*UTF8*$!
{
	archiveVersion = 1;
	classes = {
	};
	objectVersion = 77;
	objects = {

/* Begin PBXBuildFile section */
		BC2A7FB62E1F93F000F835A1 /* Alamofire in Frameworks */ = {isa = PBXBuildFile; productRef = BC2A7FB52E1F93F000F835A1 /* Alamofire */; };
		BC2A7FB92E1F93FA00F835A1 /* SDWebImage in Frameworks */ = {isa = PBXBuildFile; productRef = BC2A7FB82E1F93FA00F835A1 /* SDWebImage */; };
		BC2A7FE22E1FAFC100F835A1 /* Secrets.xcconfig in Resources */ = {isa = PBXBuildFile; fileRef = BC2A7FE12E1FAFC100F835A1 /* Secrets.xcconfig */; };
/* End PBXBuildFile section */

/* Begin PBXContainerItemProxy section */
		BC2A7F192E1EBB7700F835A1 /* PBXContainerItemProxy */ = {
			isa = PBXContainerItemProxy;
			containerPortal = BC2A7EFA2E1EBB7300F835A1 /* Project object */;
			proxyType = 1;
			remoteGlobalIDString = BC2A7F012E1EBB7300F835A1;
			remoteInfo = MovieExplorer;
		};
		BC2A7F232E1EBB7700F835A1 /* PBXContainerItemProxy */ = {
			isa = PBXContainerItemProxy;
			containerPortal = BC2A7EFA2E1EBB7300F835A1 /* Project object */;
			proxyType = 1;
			remoteGlobalIDString = BC2A7F012E1EBB7300F835A1;
			remoteInfo = MovieExplorer;
		};
/* End PBXContainerItemProxy section */

/* Begin PBXFileReference section */
		BC2A7F022E1EBB7300F835A1 /* MovieExplorer.app */ = {isa = PBXFileReference; explicitFileType = wrapper.application; includeInIndex = 0; path = MovieExplorer.app; sourceTree = BUILT_PRODUCTS_DIR; };
		BC2A7F182E1EBB7700F835A1 /* MovieExplorerTests.xctest */ = {isa = PBXFileReference; explicitFileType = wrapper.cfbundle; includeInIndex = 0; path = MovieExplorerTests.xctest; sourceTree = BUILT_PRODUCTS_DIR; };
		BC2A7F222E1EBB7700F835A1 /* MovieExplorerUITests.xctest */ = {isa = PBXFileReference; explicitFileType = wrapper.cfbundle; includeInIndex = 0; path = MovieExplorerUITests.xctest; sourceTree = BUILT_PRODUCTS_DIR; };
		BC2A7FE12E1FAFC100F835A1 /* Secrets.xcconfig */ = {isa = PBXFileReference; lastKnownFileType = text.xcconfig; path = Secrets.xcconfig; sourceTree = "<group>"; };
/* End PBXFileReference section */

/* Begin PBXFileSystemSynchronizedBuildFileExceptionSet section */
		BC2A7F2A2E1EBB7700F835A1 /* Exceptions for "MovieExplorer" folder in "MovieExplorer" target */ = {
			isa = PBXFileSystemSynchronizedBuildFileExceptionSet;
			membershipExceptions = (
				Info.plist,
			);
			target = BC2A7F012E1EBB7300F835A1 /* MovieExplorer */;
		};
/* End PBXFileSystemSynchronizedBuildFileExceptionSet section */

/* Begin PBXFileSystemSynchronizedRootGroup section */
		BC2A7F042E1EBB7300F835A1 /* MovieExplorer */ = {
			isa = PBXFileSystemSynchronizedRootGroup;
			exceptions = (
				BC2A7F2A2E1EBB7700F835A1 /* Exceptions for "MovieExplorer" folder in "MovieExplorer" target */,
			);
			path = MovieExplorer;
			sourceTree = "<group>";
		};
		BC2A7F1B2E1EBB7700F835A1 /* MovieExplorerTests */ = {
			isa = PBXFileSystemSynchronizedRootGroup;
			path = MovieExplorerTests;
			sourceTree = "<group>";
		};
		BC2A7F252E1EBB7700F835A1 /* MovieExplorerUITests */ = {
			isa = PBXFileSystemSynchronizedRootGroup;
			path = MovieExplorerUITests;
			sourceTree = "<group>";
		};
/* End PBXFileSystemSynchronizedRootGroup section */

/* Begin PBXFrameworksBuildPhase section */
		BC2A7EFF2E1EBB7300F835A1 /* Frameworks */ = {
			isa = PBXFrameworksBuildPhase;
			buildActionMask = 2147483647;
			files = (
				BC2A7FB92E1F93FA00F835A1 /* SDWebImage in Frameworks */,
				BC2A7FB62E1F93F000F835A1 /* Alamofire in Frameworks */,
			);
			runOnlyForDeploymentPostprocessing = 0;
		};
		BC2A7F152E1EBB7700F835A1 /* Frameworks */ = {
			isa = PBXFrameworksBuildPhase;
			buildActionMask = 2147483647;
			files = (
			);
			runOnlyForDeploymentPostprocessing = 0;
		};
		BC2A7F1F2E1EBB7700F835A1 /* Frameworks */ = {
			isa = PBXFrameworksBuildPhase;
			buildActionMask = 2147483647;
			files = (
			);
			runOnlyForDeploymentPostprocessing = 0;
		};
/* End PBXFrameworksBuildPhase section */

/* Begin PBXGroup section */
		BC2A7EF92E1EBB7300F835A1 = {
			isa = PBXGroup;
			children = (
				BC2A7F042E1EBB7300F835A1 /* MovieExplorer */,
				BC2A7F1B2E1EBB7700F835A1 /* MovieExplorerTests */,
				BC2A7F252E1EBB7700F835A1 /* MovieExplorerUITests */,
				BC2A7F032E1EBB7300F835A1 /* Products */,
				BC2A7FE12E1FAFC100F835A1 /* Secrets.xcconfig */,
			);
			sourceTree = "<group>";
		};
		BC2A7F032E1EBB7300F835A1 /* Products */ = {
			isa = PBXGroup;
			children = (
				BC2A7F022E1EBB7300F835A1 /* MovieExplorer.app */,
				BC2A7F182E1EBB7700F835A1 /* MovieExplorerTests.xctest */,
				BC2A7F222E1EBB7700F835A1 /* MovieExplorerUITests.xctest */,
			);
			name = Products;
			sourceTree = "<group>";
		};
/* End PBXGroup section */

/* Begin PBXNativeTarget section */
		BC2A7F012E1EBB7300F835A1 /* MovieExplorer */ = {
			isa = PBXNativeTarget;
			buildConfigurationList = BC2A7F2B2E1EBB7700F835A1 /* Build configuration list for PBXNativeTarget "MovieExplorer" */;
			buildPhases = (
				BC2A7EFE2E1EBB7300F835A1 /* Sources */,
				BC2A7EFF2E1EBB7300F835A1 /* Frameworks */,
				BC2A7F002E1EBB7300F835A1 /* Resources */,
			);
			buildRules = (
			);
			dependencies = (
			);
			fileSystemSynchronizedGroups = (
				BC2A7F042E1EBB7300F835A1 /* MovieExplorer */,
			);
			name = MovieExplorer;
			packageProductDependencies = (
				BC2A7FB52E1F93F000F835A1 /* Alamofire */,
				BC2A7FB82E1F93FA00F835A1 /* SDWebImage */,
			);
			productName = MovieExplorer;
			productReference = BC2A7F022E1EBB7300F835A1 /* MovieExplorer.app */;
			productType = "com.apple.product-type.application";
		};
		BC2A7F172E1EBB7700F835A1 /* MovieExplorerTests */ = {
			isa = PBXNativeTarget;
			buildConfigurationList = BC2A7F302E1EBB7700F835A1 /* Build configuration list for PBXNativeTarget "MovieExplorerTests" */;
			buildPhases = (
				BC2A7F142E1EBB7700F835A1 /* Sources */,
				BC2A7F152E1EBB7700F835A1 /* Frameworks */,
				BC2A7F162E1EBB7700F835A1 /* Resources */,
			);
			buildRules = (
			);
			dependencies = (
				BC2A7F1A2E1EBB7700F835A1 /* PBXTargetDependency */,
			);
			fileSystemSynchronizedGroups = (
				BC2A7F1B2E1EBB7700F835A1 /* MovieExplorerTests */,
			);
			name = MovieExplorerTests;
			packageProductDependencies = (
			);
			productName = MovieExplorerTests;
			productReference = BC2A7F182E1EBB7700F835A1 /* MovieExplorerTests.xctest */;
			productType = "com.apple.product-type.bundle.unit-test";
		};
		BC2A7F212E1EBB7700F835A1 /* MovieExplorerUITests */ = {
			isa = PBXNativeTarget;
			buildConfigurationList = BC2A7F332E1EBB7700F835A1 /* Build configuration list for PBXNativeTarget "MovieExplorerUITests" */;
			buildPhases = (
				BC2A7F1E2E1EBB7700F835A1 /* Sources */,
				BC2A7F1F2E1EBB7700F835A1 /* Frameworks */,
				BC2A7F202E1EBB7700F835A1 /* Resources */,
			);
			buildRules = (
			);
			dependencies = (
				BC2A7F242E1EBB7700F835A1 /* PBXTargetDependency */,
			);
			fileSystemSynchronizedGroups = (
				BC2A7F252E1EBB7700F835A1 /* MovieExplorerUITests */,
			);
			name = MovieExplorerUITests;
			packageProductDependencies = (
			);
			productName = MovieExplorerUITests;
			productReference = BC2A7F222E1EBB7700F835A1 /* MovieExplorerUITests.xctest */;
			productType = "com.apple.product-type.bundle.ui-testing";
		};
/* End PBXNativeTarget section */

/* Begin PBXProject section */
		BC2A7EFA2E1EBB7300F835A1 /* Project object */ = {
			isa = PBXProject;
			attributes = {
				BuildIndependentTargetsInParallel = 1;
				LastSwiftUpdateCheck = 2600;
				LastUpgradeCheck = 2600;
				TargetAttributes = {
					BC2A7F012E1EBB7300F835A1 = {
						CreatedOnToolsVersion = 26.0;
					};
					BC2A7F172E1EBB7700F835A1 = {
						CreatedOnToolsVersion = 26.0;
						TestTargetID = BC2A7F012E1EBB7300F835A1;
					};
					BC2A7F212E1EBB7700F835A1 = {
						CreatedOnToolsVersion = 26.0;
						TestTargetID = BC2A7F012E1EBB7300F835A1;
					};
				};
			};
			buildConfigurationList = BC2A7EFD2E1EBB7300F835A1 /* Build configuration list for PBXProject "MovieExplorer" */;
			developmentRegion = en;
			hasScannedForEncodings = 0;
			knownRegions = (
				en,
				Base,
			);
			mainGroup = BC2A7EF92E1EBB7300F835A1;
			minimizedProjectReferenceProxies = 1;
			packageReferences = (
				BC2A7FB42E1F93F000F835A1 /* XCRemoteSwiftPackageReference "Alamofire" */,
				BC2A7FB72E1F93FA00F835A1 /* XCRemoteSwiftPackageReference "SDWebImage" */,
			);
			preferredProjectObjectVersion = 77;
			productRefGroup = BC2A7F032E1EBB7300F835A1 /* Products */;
			projectDirPath = "";
			projectRoot = "";
			targets = (
				BC2A7F012E1EBB7300F835A1 /* MovieExplorer */,
				BC2A7F172E1EBB7700F835A1 /* MovieExplorerTests */,
				BC2A7F212E1EBB7700F835A1 /* MovieExplorerUITests */,
			);
		};
/* End PBXProject section */

/* Begin PBXResourcesBuildPhase section */
		BC2A7F002E1EBB7300F835A1 /* Resources */ = {
			isa = PBXResourcesBuildPhase;
			buildActionMask = 2147483647;
			files = (
				BC2A7FE22E1FAFC100F835A1 /* Secrets.xcconfig in Resources */,
			);
			runOnlyForDeploymentPostprocessing = 0;
		};
		BC2A7F162E1EBB7700F835A1 /* Resources */ = {
			isa = PBXResourcesBuildPhase;
			buildActionMask = 2147483647;
			files = (
			);
			runOnlyForDeploymentPostprocessing = 0;
		};
		BC2A7F202E1EBB7700F835A1 /* Resources */ = {
			isa = PBXResourcesBuildPhase;
			buildActionMask = 2147483647;
			files = (
			);
			runOnlyForDeploymentPostprocessing = 0;
		};
/* End PBXResourcesBuildPhase section */

/* Begin PBXSourcesBuildPhase section */
		BC2A7EFE2E1EBB7300F835A1 /* Sources */ = {
			isa = PBXSourcesBuildPhase;
			buildActionMask = 2147483647;
			files = (
			);
			runOnlyForDeploymentPostprocessing = 0;
		};
		BC2A7F142E1EBB7700F835A1 /* Sources */ = {
			isa = PBXSourcesBuildPhase;
			buildActionMask = 2147483647;
			files = (
			);
			runOnlyForDeploymentPostprocessing = 0;
		};
		BC2A7F1E2E1EBB7700F835A1 /* Sources */ = {
			isa = PBXSourcesBuildPhase;
			buildActionMask = 2147483647;
			files = (
			);
			runOnlyForDeploymentPostprocessing = 0;
		};
/* End PBXSourcesBuildPhase section */

/* Begin PBXTargetDependency section */
		BC2A7F1A2E1EBB7700F835A1 /* PBXTargetDependency */ = {
			isa = PBXTargetDependency;
			target = BC2A7F012E1EBB7300F835A1 /* MovieExplorer */;
			targetProxy = BC2A7F192E1EBB7700F835A1 /* PBXContainerItemProxy */;
		};
		BC2A7F242E1EBB7700F835A1 /* PBXTargetDependency */ = {
			isa = PBXTargetDependency;
			target = BC2A7F012E1EBB7300F835A1 /* MovieExplorer */;
			targetProxy = BC2A7F232E1EBB7700F835A1 /* PBXContainerItemProxy */;
		};
/* End PBXTargetDependency section */

/* Begin XCBuildConfiguration section */
		BC2A7F2C2E1EBB7700F835A1 /* Debug */ = {
			isa = XCBuildConfiguration;
			buildSettings = {
				ASSETCATALOG_COMPILER_APPICON_NAME = AppIcon;
				ASSETCATALOG_COMPILER_GLOBAL_ACCENT_COLOR_NAME = AccentColor;
				CODE_SIGN_STYLE = Automatic;
				CURRENT_PROJECT_VERSION = 1;
				DEVELOPMENT_TEAM = L3Y3NN5H2E;
				GENERATE_INFOPLIST_FILE = YES;
				INFOPLIST_FILE = MovieExplorer/Info.plist;
				INFOPLIST_KEY_UIApplicationSupportsIndirectInputEvents = YES;
				INFOPLIST_KEY_UILaunchStoryboardName = LaunchScreen;
				INFOPLIST_KEY_UIMainStoryboardFile = Main;
				INFOPLIST_KEY_UISupportedInterfaceOrientations_iPad = "UIInterfaceOrientationPortrait UIInterfaceOrientationPortraitUpsideDown UIInterfaceOrientationLandscapeLeft UIInterfaceOrientationLandscapeRight";
				INFOPLIST_KEY_UISupportedInterfaceOrientations_iPhone = "UIInterfaceOrientationPortrait UIInterfaceOrientationLandscapeLeft UIInterfaceOrientationLandscapeRight";
				LD_RUNPATH_SEARCH_PATHS = (
					"$(inherited)",
					"@executable_path/Frameworks",
				);
				MARKETING_VERSION = 1.0;
				PRODUCT_BUNDLE_IDENTIFIER = KirlosYousef.MovieExplorer;
				PRODUCT_NAME = "$(TARGET_NAME)";
				STRING_CATALOG_GENERATE_SYMBOLS = YES;
				SWIFT_DEFAULT_ACTOR_ISOLATION = MainActor;
				SWIFT_EMIT_LOC_STRINGS = YES;
				SWIFT_UPCOMING_FEATURE_MEMBER_IMPORT_VISIBILITY = YES;
				SWIFT_VERSION = 5.0;
				TARGETED_DEVICE_FAMILY = "1,2";
			};
			name = Debug;
		};
		BC2A7F2D2E1EBB7700F835A1 /* Release */ = {
			isa = XCBuildConfiguration;
			buildSettings = {
				ASSETCATALOG_COMPILER_APPICON_NAME = AppIcon;
				ASSETCATALOG_COMPILER_GLOBAL_ACCENT_COLOR_NAME = AccentColor;
				CODE_SIGN_STYLE = Automatic;
				CURRENT_PROJECT_VERSION = 1;
				DEVELOPMENT_TEAM = L3Y3NN5H2E;
				GENERATE_INFOPLIST_FILE = YES;
				INFOPLIST_FILE = MovieExplorer/Info.plist;
				INFOPLIST_KEY_UIApplicationSupportsIndirectInputEvents = YES;
				INFOPLIST_KEY_UILaunchStoryboardName = LaunchScreen;
				INFOPLIST_KEY_UIMainStoryboardFile = Main;
				INFOPLIST_KEY_UISupportedInterfaceOrientations_iPad = "UIInterfaceOrientationPortrait UIInterfaceOrientationPortraitUpsideDown UIInterfaceOrientationLandscapeLeft UIInterfaceOrientationLandscapeRight";
				INFOPLIST_KEY_UISupportedInterfaceOrientations_iPhone = "UIInterfaceOrientationPortrait UIInterfaceOrientationLandscapeLeft UIInterfaceOrientationLandscapeRight";
				LD_RUNPATH_SEARCH_PATHS = (
					"$(inherited)",
					"@executable_path/Frameworks",
				);
				MARKETING_VERSION = 1.0;
				PRODUCT_BUNDLE_IDENTIFIER = KirlosYousef.MovieExplorer;
				PRODUCT_NAME = "$(TARGET_NAME)";
				STRING_CATALOG_GENERATE_SYMBOLS = YES;
				SWIFT_DEFAULT_ACTOR_ISOLATION = MainActor;
				SWIFT_EMIT_LOC_STRINGS = YES;
				SWIFT_UPCOMING_FEATURE_MEMBER_IMPORT_VISIBILITY = YES;
				SWIFT_VERSION = 5.0;
				TARGETED_DEVICE_FAMILY = "1,2";
			};
			name = Release;
		};
		BC2A7F2E2E1EBB7700F835A1 /* Debug */ = {
			isa = XCBuildConfiguration;
			baseConfigurationReference = BC2A7FE12E1FAFC100F835A1 /* Secrets.xcconfig */;
			buildSettings = {
				ALWAYS_SEARCH_USER_PATHS = NO;
				ASSETCATALOG_COMPILER_GENERATE_SWIFT_ASSET_SYMBOL_EXTENSIONS = YES;
				CLANG_ANALYZER_NONNULL = YES;
				CLANG_ANALYZER_NUMBER_OBJECT_CONVERSION = YES_AGGRESSIVE;
				CLANG_CXX_LANGUAGE_STANDARD = "gnu++20";
				CLANG_ENABLE_MODULES = YES;
				CLANG_ENABLE_OBJC_ARC = YES;
				CLANG_ENABLE_OBJC_WEAK = YES;
				CLANG_WARN_BLOCK_CAPTURE_AUTORELEASING = YES;
				CLANG_WARN_BOOL_CONVERSION = YES;
				CLANG_WARN_COMMA = YES;
				CLANG_WARN_CONSTANT_CONVERSION = YES;
				CLANG_WARN_DEPRECATED_OBJC_IMPLEMENTATIONS = YES;
				CLANG_WARN_DIRECT_OBJC_ISA_USAGE = YES_ERROR;
				CLANG_WARN_DOCUMENTATION_COMMENTS = YES;
				CLANG_WARN_EMPTY_BODY = YES;
				CLANG_WARN_ENUM_CONVERSION = YES;
				CLANG_WARN_INFINITE_RECURSION = YES;
				CLANG_WARN_INT_CONVERSION = YES;
				CLANG_WARN_NON_LITERAL_NULL_CONVERSION = YES;
				CLANG_WARN_OBJC_IMPLICIT_RETAIN_SELF = YES;
				CLANG_WARN_OBJC_LITERAL_CONVERSION = YES;
				CLANG_WARN_OBJC_ROOT_CLASS = YES_ERROR;
				CLANG_WARN_QUOTED_INCLUDE_IN_FRAMEWORK_HEADER = YES;
				CLANG_WARN_RANGE_LOOP_ANALYSIS = YES;
				CLANG_WARN_STRICT_PROTOTYPES = YES;
				CLANG_WARN_SUSPICIOUS_MOVE = YES;
				CLANG_WARN_UNGUARDED_AVAILABILITY = YES_AGGRESSIVE;
				CLANG_WARN_UNREACHABLE_CODE = YES;
				CLANG_WARN__DUPLICATE_METHOD_MATCH = YES;
				COPY_PHASE_STRIP = NO;
				DEBUG_INFORMATION_FORMAT = dwarf;
				DEVELOPMENT_TEAM = L3Y3NN5H2E;
				ENABLE_STRICT_OBJC_MSGSEND = YES;
				ENABLE_TESTABILITY = YES;
				ENABLE_USER_SCRIPT_SANDBOXING = YES;
				GCC_C_LANGUAGE_STANDARD = gnu17;
				GCC_DYNAMIC_NO_PIC = NO;
				GCC_NO_COMMON_BLOCKS = YES;
				GCC_OPTIMIZATION_LEVEL = 0;
				GCC_PREPROCESSOR_DEFINITIONS = (
					"DEBUG=1",
					"$(inherited)",
				);
				GCC_WARN_64_TO_32_BIT_CONVERSION = YES;
				GCC_WARN_ABOUT_RETURN_TYPE = YES_ERROR;
				GCC_WARN_UNDECLARED_SELECTOR = YES;
				GCC_WARN_UNINITIALIZED_AUTOS = YES_AGGRESSIVE;
				GCC_WARN_UNUSED_FUNCTION = YES;
				GCC_WARN_UNUSED_VARIABLE = YES;
				IPHONEOS_DEPLOYMENT_TARGET = 26.0;
				LOCALIZATION_PREFERS_STRING_CATALOGS = YES;
				MTL_ENABLE_DEBUG_INFO = INCLUDE_SOURCE;
				MTL_FAST_MATH = YES;
				ONLY_ACTIVE_ARCH = YES;
				SDKROOT = iphoneos;
				SWIFT_ACTIVE_COMPILATION_CONDITIONS = "DEBUG $(inherited)";
				SWIFT_OPTIMIZATION_LEVEL = "-Onone";
			};
			name = Debug;
		};
		BC2A7F2F2E1EBB7700F835A1 /* Release */ = {
			isa = XCBuildConfiguration;
			baseConfigurationReference = BC2A7FE12E1FAFC100F835A1 /* Secrets.xcconfig */;
			buildSettings = {
				ALWAYS_SEARCH_USER_PATHS = NO;
				ASSETCATALOG_COMPILER_GENERATE_SWIFT_ASSET_SYMBOL_EXTENSIONS = YES;
				CLANG_ANALYZER_NONNULL = YES;
				CLANG_ANALYZER_NUMBER_OBJECT_CONVERSION = YES_AGGRESSIVE;
				CLANG_CXX_LANGUAGE_STANDARD = "gnu++20";
				CLANG_ENABLE_MODULES = YES;
				CLANG_ENABLE_OBJC_ARC = YES;
				CLANG_ENABLE_OBJC_WEAK = YES;
				CLANG_WARN_BLOCK_CAPTURE_AUTORELEASING = YES;
				CLANG_WARN_BOOL_CONVERSION = YES;
				CLANG_WARN_COMMA = YES;
				CLANG_WARN_CONSTANT_CONVERSION = YES;
				CLANG_WARN_DEPRECATED_OBJC_IMPLEMENTATIONS = YES;
				CLANG_WARN_DIRECT_OBJC_ISA_USAGE = YES_ERROR;
				CLANG_WARN_DOCUMENTATION_COMMENTS = YES;
				CLANG_WARN_EMPTY_BODY = YES;
				CLANG_WARN_ENUM_CONVERSION = YES;
				CLANG_WARN_INFINITE_RECURSION = YES;
				CLANG_WARN_INT_CONVERSION = YES;
				CLANG_WARN_NON_LITERAL_NULL_CONVERSION = YES;
				CLANG_WARN_OBJC_IMPLICIT_RETAIN_SELF = YES;
				CLANG_WARN_OBJC_LITERAL_CONVERSION = YES;
				CLANG_WARN_OBJC_ROOT_CLASS = YES_ERROR;
				CLANG_WARN_QUOTED_INCLUDE_IN_FRAMEWORK_HEADER = YES;
				CLANG_WARN_RANGE_LOOP_ANALYSIS = YES;
				CLANG_WARN_STRICT_PROTOTYPES = YES;
				CLANG_WARN_SUSPICIOUS_MOVE = YES;
				CLANG_WARN_UNGUARDED_AVAILABILITY = YES_AGGRESSIVE;
				CLANG_WARN_UNREACHABLE_CODE = YES;
				CLANG_WARN__DUPLICATE_METHOD_MATCH = YES;
				COPY_PHASE_STRIP = NO;
				DEBUG_INFORMATION_FORMAT = "dwarf-with-dsym";
				DEVELOPMENT_TEAM = L3Y3NN5H2E;
				ENABLE_NS_ASSERTIONS = NO;
				ENABLE_STRICT_OBJC_MSGSEND = YES;
				ENABLE_USER_SCRIPT_SANDBOXING = YES;
				GCC_C_LANGUAGE_STANDARD = gnu17;
				GCC_NO_COMMON_BLOCKS = YES;
				GCC_WARN_64_TO_32_BIT_CONVERSION = YES;
				GCC_WARN_ABOUT_RETURN_TYPE = YES_ERROR;
				GCC_WARN_UNDECLARED_SELECTOR = YES;
				GCC_WARN_UNINITIALIZED_AUTOS = YES_AGGRESSIVE;
				GCC_WARN_UNUSED_FUNCTION = YES;
				GCC_WARN_UNUSED_VARIABLE = YES;
				IPHONEOS_DEPLOYMENT_TARGET = 26.0;
				LOCALIZATION_PREFERS_STRING_CATALOGS = YES;
				MTL_ENABLE_DEBUG_INFO = NO;
				MTL_FAST_MATH = YES;
				SDKROOT = iphoneos;
				SWIFT_COMPILATION_MODE = wholemodule;
				VALIDATE_PRODUCT = YES;
			};
			name = Release;
		};
		BC2A7F312E1EBB7700F835A1 /* Debug */ = {
			isa = XCBuildConfiguration;
			buildSettings = {
				BUNDLE_LOADER = "$(TEST_HOST)";
				CODE_SIGN_STYLE = Automatic;
				CURRENT_PROJECT_VERSION = 1;
				DEVELOPMENT_TEAM = L3Y3NN5H2E;
				GENERATE_INFOPLIST_FILE = YES;
				IPHONEOS_DEPLOYMENT_TARGET = 26.0;
				MARKETING_VERSION = 1.0;
				PRODUCT_BUNDLE_IDENTIFIER = KirlosYousef.MovieExplorerTests;
				PRODUCT_NAME = "$(TARGET_NAME)";
				STRING_CATALOG_GENERATE_SYMBOLS = NO;
				SWIFT_EMIT_LOC_STRINGS = NO;
				SWIFT_UPCOMING_FEATURE_MEMBER_IMPORT_VISIBILITY = YES;
				SWIFT_VERSION = 5.0;
				TARGETED_DEVICE_FAMILY = "1,2";
				TEST_HOST = "$(BUILT_PRODUCTS_DIR)/MovieExplorer.app/$(BUNDLE_EXECUTABLE_FOLDER_PATH)/MovieExplorer";
			};
			name = Debug;
		};
		BC2A7F322E1EBB7700F835A1 /* Release */ = {
			isa = XCBuildConfiguration;
			buildSettings = {
				BUNDLE_LOADER = "$(TEST_HOST)";
				CODE_SIGN_STYLE = Automatic;
				CURRENT_PROJECT_VERSION = 1;
				DEVELOPMENT_TEAM = L3Y3NN5H2E;
				GENERATE_INFOPLIST_FILE = YES;
				IPHONEOS_DEPLOYMENT_TARGET = 26.0;
				MARKETING_VERSION = 1.0;
				PRODUCT_BUNDLE_IDENTIFIER = KirlosYousef.MovieExplorerTests;
				PRODUCT_NAME = "$(TARGET_NAME)";
				STRING_CATALOG_GENERATE_SYMBOLS = NO;
				SWIFT_EMIT_LOC_STRINGS = NO;
				SWIFT_UPCOMING_FEATURE_MEMBER_IMPORT_VISIBILITY = YES;
				SWIFT_VERSION = 5.0;
				TARGETED_DEVICE_FAMILY = "1,2";
				TEST_HOST = "$(BUILT_PRODUCTS_DIR)/MovieExplorer.app/$(BUNDLE_EXECUTABLE_FOLDER_PATH)/MovieExplorer";
			};
			name = Release;
		};
		BC2A7F342E1EBB7700F835A1 /* Debug */ = {
			isa = XCBuildConfiguration;
			buildSettings = {
				CODE_SIGN_STYLE = Automatic;
				CURRENT_PROJECT_VERSION = 1;
				DEVELOPMENT_TEAM = L3Y3NN5H2E;
				GENERATE_INFOPLIST_FILE = YES;
				MARKETING_VERSION = 1.0;
				PRODUCT_BUNDLE_IDENTIFIER = KirlosYousef.MovieExplorerUITests;
				PRODUCT_NAME = "$(TARGET_NAME)";
				STRING_CATALOG_GENERATE_SYMBOLS = NO;
				SWIFT_EMIT_LOC_STRINGS = NO;
				SWIFT_UPCOMING_FEATURE_MEMBER_IMPORT_VISIBILITY = YES;
				SWIFT_VERSION = 5.0;
				TARGETED_DEVICE_FAMILY = "1,2";
				TEST_TARGET_NAME = MovieExplorer;
			};
			name = Debug;
		};
		BC2A7F352E1EBB7700F835A1 /* Release */ = {
			isa = XCBuildConfiguration;
			buildSettings = {
				CODE_SIGN_STYLE = Automatic;
				CURRENT_PROJECT_VERSION = 1;
				DEVELOPMENT_TEAM = L3Y3NN5H2E;
				GENERATE_INFOPLIST_FILE = YES;
				MARKETING_VERSION = 1.0;
				PRODUCT_BUNDLE_IDENTIFIER = KirlosYousef.MovieExplorerUITests;
				PRODUCT_NAME = "$(TARGET_NAME)";
				STRING_CATALOG_GENERATE_SYMBOLS = NO;
				SWIFT_EMIT_LOC_STRINGS = NO;
				SWIFT_UPCOMING_FEATURE_MEMBER_IMPORT_VISIBILITY = YES;
				SWIFT_VERSION = 5.0;
				TARGETED_DEVICE_FAMILY = "1,2";
				TEST_TARGET_NAME = MovieExplorer;
			};
			name = Release;
		};
/* End XCBuildConfiguration section */

/* Begin XCConfigurationList section */
		BC2A7EFD2E1EBB7300F835A1 /* Build configuration list for PBXProject "MovieExplorer" */ = {
			isa = XCConfigurationList;
			buildConfigurations = (
				BC2A7F2E2E1EBB7700F835A1 /* Debug */,
				BC2A7F2F2E1EBB7700F835A1 /* Release */,
			);
			defaultConfigurationIsVisible = 0;
			defaultConfigurationName = Release;
		};
		BC2A7F2B2E1EBB7700F835A1 /* Build configuration list for PBXNativeTarget "MovieExplorer" */ = {
			isa = XCConfigurationList;
			buildConfigurations = (
				BC2A7F2C2E1EBB7700F835A1 /* Debug */,
				BC2A7F2D2E1EBB7700F835A1 /* Release */,
			);
			defaultConfigurationIsVisible = 0;
			defaultConfigurationName = Release;
		};
		BC2A7F302E1EBB7700F835A1 /* Build configuration list for PBXNativeTarget "MovieExplorerTests" */ = {
			isa = XCConfigurationList;
			buildConfigurations = (
				BC2A7F312E1EBB7700F835A1 /* Debug */,
				BC2A7F322E1EBB7700F835A1 /* Release */,
			);
			defaultConfigurationIsVisible = 0;
			defaultConfigurationName = Release;
		};
		BC2A7F332E1EBB7700F835A1 /* Build configuration list for PBXNativeTarget "MovieExplorerUITests" */ = {
			isa = XCConfigurationList;
			buildConfigurations = (
				BC2A7F342E1EBB7700F835A1 /* Debug */,
				BC2A7F352E1EBB7700F835A1 /* Release */,
			);
			defaultConfigurationIsVisible = 0;
			defaultConfigurationName = Release;
		};
/* End XCConfigurationList section */

/* Begin XCRemoteSwiftPackageReference section */
		BC2A7FB42E1F93F000F835A1 /* XCRemoteSwiftPackageReference "Alamofire" */ = {
			isa = XCRemoteSwiftPackageReference;
			repositoryURL = "https://github.com/Alamofire/Alamofire.git";
			requirement = {
				kind = upToNextMajorVersion;
				minimumVersion = 5.10.2;
			};
		};
		BC2A7FB72E1F93FA00F835A1 /* XCRemoteSwiftPackageReference "SDWebImage" */ = {
			isa = XCRemoteSwiftPackageReference;
			repositoryURL = "https://github.com/SDWebImage/SDWebImage.git";
			requirement = {
				kind = upToNextMajorVersion;
				minimumVersion = 5.21.1;
			};
		};
/* End XCRemoteSwiftPackageReference section */

/* Begin XCSwiftPackageProductDependency section */
		BC2A7FB52E1F93F000F835A1 /* Alamofire */ = {
			isa = XCSwiftPackageProductDependency;
			package = BC2A7FB42E1F93F000F835A1 /* XCRemoteSwiftPackageReference "Alamofire" */;
			productName = Alamofire;
		};
		BC2A7FB82E1F93FA00F835A1 /* SDWebImage */ = {
			isa = XCSwiftPackageProductDependency;
			package = BC2A7FB72E1F93FA00F835A1 /* XCRemoteSwiftPackageReference "SDWebImage" */;
			productName = SDWebImage;
		};
/* End XCSwiftPackageProductDependency section */
	};
	rootObject = BC2A7EFA2E1EBB7300F835A1 /* Project object */;
}
